
Microsoft Visual Studio Solution File, Format Version 12.00
# Visual Studio Version 17
VisualStudioVersion = 17.11.35312.102
MinimumVisualStudioVersion = 10.0.40219.1
Project("{2150E333-8FDC-42A3-9474-1A3956D46DE8}") = "解决方案项", "解决方案项", "{22701320-B458-4881-8B99-95326D66D8B7}"
	ProjectSection(SolutionItems) = preProject
		README.md = README.md
	EndProjectSection
EndProject
Project("{FAE04EC0-301F-11D3-BF4B-00C04F79EFBC}") = "Honoo Manga Packer", "Honoo Manga Packer\Honoo Manga Packer.csproj", "{38CD1537-9A05-4CA1-B731-CB5C3A643486}"
EndProject
Global
	GlobalSection(SolutionConfigurationPlatforms) = preSolution
		Debug|Any CPU = Debug|Any CPU
		Release|Any CPU = Release|Any CPU
	EndGlobalSection
	GlobalSection(ProjectConfigurationPlatforms) = postSolution
		{38CD1537-9A05-4CA1-B731-CB5C3A643486}.Debug|Any CPU.ActiveCfg = Debug|Any CPU
		{38CD1537-9A05-4CA1-B731-CB5C3A643486}.Debug|Any CPU.Build.0 = Debug|Any CPU
		{38CD1537-9A05-4CA1-B731-CB5C3A643486}.Release|Any CPU.ActiveCfg = Release|Any CPU
		{38CD1537-9A05-4CA1-B731-CB5C3A643486}.Release|Any CPU.Build.0 = Release|Any CPU
	EndGlobalSection
	GlobalSection(SolutionProperties) = preSolution
		HideSolutionNode = FALSE
	EndGlobalSection
	GlobalSection(ExtensibilityGlobals) = postSolution
		SolutionGuid = {41D2514C-770C-46DA-B730-58F6D8F81363}
	EndGlobalSection
EndGlobal
